# THIS IS AN AUTOGENERATED FILE. DO NOT EDIT THIS FILE DIRECTLY.
# yarn lockfile v1


"@wwimmo/react-native-sketch-canvas@https://github.com/wwimmo/react-native-sketch-canvas.git":
  version "0.8.3"
  resolved "https://github.com/wwimmo/react-native-sketch-canvas.git#13f6d895f2f717f9561f038b23f6c68331560548"
